# THIS IS AN AUTOGENERATED FILE. DO NOT EDIT THIS FILE DIRECTLY.
# yarn lockfile v1


"@babel/helper-validator-identifier@^7.14.9":
  version "7.14.9"
  resolved "https://registry.nlark.com/@babel/helper-validator-identifier/download/@babel/helper-validator-identifier-7.14.9.tgz?cache=0&sync_timestamp=1627804430461&other_urls=https%3A%2F%2Fregistry.nlark.com%2F%40babel%2Fhelper-validator-identifier%2Fdownload%2F%40babel%2Fhelper-validator-identifier-7.14.9.tgz"
  integrity sha1-ZlTRcbICT22O4VG/JQlpmRkTHUg=

"@babel/parser@^7.12.0", "@babel/parser@^7.13.9", "@babel/parser@^7.6.0", "@babel/parser@^7.9.6":
  version "7.15.3"
  resolved "https://registry.nlark.com/@babel/parser/download/@babel/parser-7.15.3.tgz?cache=0&sync_timestamp=1628666443707&other_urls=https%3A%2F%2Fregistry.nlark.com%2F%40babel%2Fparser%2Fdownload%2F%40babel%2Fparser-7.15.3.tgz"
  integrity sha1-NBbZvqdIBSz8tj28wnNoEFse2GI=

"@babel/types@^7.12.0", "@babel/types@^7.13.0", "@babel/types@^7.6.1", "@babel/types@^7.9.6":
  version "7.15.0"
  resolved "https://registry.nlark.com/@babel/types/download/@babel/types-7.15.0.tgz?cache=0&sync_timestamp=1628111608723&other_urls=https%3A%2F%2Fregistry.nlark.com%2F%40babel%2Ftypes%2Fdownload%2F%40babel%2Ftypes-7.15.0.tgz"
  integrity sha1-Ya8R8ihsTpxpyo3rX0N1pzxy3L0=
  dependencies:
    "@babel/helper-validator-identifier" "^7.14.9"
    to-fast-properties "^2.0.0"

"@element-plus/icons@^0.0.11":
  version "0.0.11"
  resolved "https://registry.nlark.com/@element-plus/icons/download/@element-plus/icons-0.0.11.tgz#9b187c002774548b911850d17fa5fc2f9a515f57"
  integrity sha1-mxh8ACd0VIuRGFDRf6X8L5pRX1c=

"@emmetio/abbreviation@^2.2.2":
  version "2.2.2"
  resolved "https://registry.nlark.com/@emmetio/abbreviation/download/@emmetio/abbreviation-2.2.2.tgz"
  integrity sha1-dGdi/Z56jC6mBPWAxi48/iUOaYk=
  dependencies:
    "@emmetio/scanner" "^1.0.0"

"@emmetio/css-abbreviation@^2.1.4":
  version "2.1.4"
  resolved "https://registry.nlark.com/@emmetio/css-abbreviation/download/@emmetio/css-abbreviation-2.1.4.tgz"
  integrity sha1-kDYuihEizjt29sMVeQfTAYL1P1Q=
  dependencies:
    "@emmetio/scanner" "^1.0.0"

"@emmetio/scanner@^1.0.0":
  version "1.0.0"
  resolved "https://registry.npm.taobao.org/@emmetio/scanner/download/@emmetio/scanner-1.0.0.tgz"
  integrity sha1-Blsq9iM/50dNRII+PeuJckr0K18=

"@popperjs/core@^2.4.4":
  version "2.9.3"
  resolved "https://registry.nlark.com/@popperjs/core/download/@popperjs/core-2.9.3.tgz?cache=0&sync_timestamp=1628004507787&other_urls=https%3A%2F%2Fregistry.nlark.com%2F%40popperjs%2Fcore%2Fdownload%2F%40popperjs%2Fcore-2.9.3.tgz#8b68da1ebd7fc603999cf6ebee34a4899a14b88e"
  integrity sha1-i2jaHr1/xgOZnPbr7jSkiZoUuI4=

"@types/estree@^0.0.48":
  version "0.0.48"
  resolved "https://registry.nlark.com/@types/estree/download/@types/estree-0.0.48.tgz"
  integrity sha1-GNyAkbKF35DbLyWqfZBs/DlLf3Q=

"@types/node@^16.7.1":
  version "16.7.1"
  resolved "https://registry.nlark.com/@types/node/download/@types/node-16.7.1.tgz?cache=0&other_urls=https%3A%2F%2Fregistry.nlark.com%2F%40types%2Fnode%2Fdownload%2F%40types%2Fnode-16.7.1.tgz"
  integrity sha1-xrkZgXjaUE38of0L6bLhAC8VhvA=

"@vitejs/plugin-vue@^1.3.0":
  version "1.4.0"
  resolved "https://registry.nlark.com/@vitejs/plugin-vue/download/@vitejs/plugin-vue-1.4.0.tgz?cache=0&other_urls=https%3A%2F%2Fregistry.nlark.com%2F%40vitejs%2Fplugin-vue%2Fdownload%2F%40vitejs%2Fplugin-vue-1.4.0.tgz"
  integrity sha1-lirgG3/RatQAeJjGTtY5E24SIVs=

"@volar/code-gen@^0.27.5":
  version "0.27.5"
  resolved "https://registry.nlark.com/@volar/code-gen/download/@volar/code-gen-0.27.5.tgz"
  integrity sha1-d30EmvtybEnVlvHHXpDm/KtZ/bY=
  dependencies:
    "@volar/shared" "^0.27.5"
    "@volar/source-map" "^0.27.5"

"@volar/html2pug@^0.27.5":
  version "0.27.5"
  resolved "https://registry.nlark.com/@volar/html2pug/download/@volar/html2pug-0.27.5.tgz"
  integrity sha1-hfJfmTZMkvNL5u6opQqoJEAeljY=
  dependencies:
    domelementtype "^2.2.0"
    domhandler "^4.2.0"
    htmlparser2 "^6.1.0"
    pug "^3.0.2"

"@volar/shared@^0.27.5":
  version "0.27.5"
  resolved "https://registry.nlark.com/@volar/shared/download/@volar/shared-0.27.5.tgz"
  integrity sha1-s8A7xKt9cJ+A4YbPduVqCGShEXc=
  dependencies:
    upath "^2.0.1"
    vscode-jsonrpc "^8.0.0-next.1"
    vscode-uri "^3.0.2"

"@volar/source-map@^0.27.5":
  version "0.27.5"
  resolved "https://registry.nlark.com/@volar/source-map/download/@volar/source-map-0.27.5.tgz"
  integrity sha1-oxMAdfslAmm86OuvXZSaZ2XTngU=
  dependencies:
    "@volar/shared" "^0.27.5"

"@volar/transforms@^0.27.5":
  version "0.27.5"
  resolved "https://registry.nlark.com/@volar/transforms/download/@volar/transforms-0.27.5.tgz"
  integrity sha1-wOCRIlMb6O4+ophyxqWLqBaS3is=
  dependencies:
    "@volar/shared" "^0.27.5"

"@vscode/emmet-helper@^2.7.0":
  version "2.7.0"
  resolved "https://registry.nlark.com/@vscode/emmet-helper/download/@vscode/emmet-helper-2.7.0.tgz"
  integrity sha1-PbSF9qZQGW/4u9OLobnkaOyNIvg=
  dependencies:
    emmet "^2.3.0"
    jsonc-parser "^2.3.0"
    vscode-languageserver-textdocument "^1.0.1"
    vscode-languageserver-types "^3.15.1"
    vscode-nls "^5.0.0"
    vscode-uri "^2.1.2"

"@vue/compiler-core@3.2.4":
  version "3.2.4"
  resolved "https://registry.nlark.com/@vue/compiler-core/download/@vue/compiler-core-3.2.4.tgz?cache=0&sync_timestamp=1629217635867&other_urls=https%3A%2F%2Fregistry.nlark.com%2F%40vue%2Fcompiler-core%2Fdownload%2F%40vue%2Fcompiler-core-3.2.4.tgz"
  integrity sha1-qY0pV3GZjB6NzMTuPVL+sUsCrqk=
  dependencies:
    "@babel/parser" "^7.12.0"
    "@babel/types" "^7.12.0"
    "@vue/shared" "3.2.4"
    estree-walker "^2.0.1"
    source-map "^0.6.1"

"@vue/compiler-dom@3.2.4", "@vue/compiler-dom@^3.2.4":
  version "3.2.4"
  resolved "https://registry.nlark.com/@vue/compiler-dom/download/@vue/compiler-dom-3.2.4.tgz?cache=0&sync_timestamp=1629217641485&other_urls=https%3A%2F%2Fregistry.nlark.com%2F%40vue%2Fcompiler-dom%2Fdownload%2F%40vue%2Fcompiler-dom-3.2.4.tgz"
  integrity sha1-OkPeJD66Enq75X55aguWnS33jAg=
  dependencies:
    "@vue/compiler-core" "3.2.4"
    "@vue/shared" "3.2.4"

"@vue/compiler-sfc@^3.0.5", "@vue/compiler-sfc@^3.2.4":
  version "3.2.4"
  resolved "https://registry.nlark.com/@vue/compiler-sfc/download/@vue/compiler-sfc-3.2.4.tgz?cache=0&sync_timestamp=1629217640472&other_urls=https%3A%2F%2Fregistry.nlark.com%2F%40vue%2Fcompiler-sfc%2Fdownload%2F%40vue%2Fcompiler-sfc-3.2.4.tgz"
  integrity sha1-mAeGjMlQKR8WPDkwqBuxbocN8Jc=
  dependencies:
    "@babel/parser" "^7.13.9"
    "@babel/types" "^7.13.0"
    "@types/estree" "^0.0.48"
    "@vue/compiler-core" "3.2.4"
    "@vue/compiler-dom" "3.2.4"
    "@vue/compiler-ssr" "3.2.4"
    "@vue/shared" "3.2.4"
    consolidate "^0.16.0"
    estree-walker "^2.0.1"
    hash-sum "^2.0.0"
    lru-cache "^5.1.1"
    magic-string "^0.25.7"
    merge-source-map "^1.1.0"
    postcss "^8.1.10"
    postcss-modules "^4.0.0"
    postcss-selector-parser "^6.0.4"
    source-map "^0.6.1"

"@vue/compiler-ssr@3.2.4":
  version "3.2.4"
  resolved "https://registry.nlark.com/@vue/compiler-ssr/download/@vue/compiler-ssr-3.2.4.tgz?cache=0&sync_timestamp=1629217648720&other_urls=https%3A%2F%2Fregistry.nlark.com%2F%40vue%2Fcompiler-ssr%2Fdownload%2F%40vue%2Fcompiler-ssr-3.2.4.tgz"
  integrity sha1-vlHyGcIEKz5TA3PmC8Emraa7HMA=
  dependencies:
    "@vue/compiler-dom" "3.2.4"
    "@vue/shared" "3.2.4"

"@vue/devtools-api@^6.0.0-beta.11", "@vue/devtools-api@^6.0.0-beta.14":
  version "6.0.0-beta.15"
  resolved "https://registry.nlark.com/@vue/devtools-api/download/@vue/devtools-api-6.0.0-beta.15.tgz"
  integrity sha1-rXyzhOBi8WW8+cg3MhJb/7wq2D0=

"@vue/reactivity@3.2.4", "@vue/reactivity@^3.2.4":
  version "3.2.4"
  resolved "https://registry.nlark.com/@vue/reactivity/download/@vue/reactivity-3.2.4.tgz"
  integrity sha1-oCCtflD2dCGaB3ZLEFtZIuYVl+o=
  dependencies:
    "@vue/shared" "3.2.4"

"@vue/runtime-core@3.2.4":
  version "3.2.4"
  resolved "https://registry.nlark.com/@vue/runtime-core/download/@vue/runtime-core-3.2.4.tgz?cache=0&sync_timestamp=1629217653591&other_urls=https%3A%2F%2Fregistry.nlark.com%2F%40vue%2Fruntime-core%2Fdownload%2F%40vue%2Fruntime-core-3.2.4.tgz"
  integrity sha1-2l3ePcHkjfmd0x6pqXL1wCrNw/U=
  dependencies:
    "@vue/reactivity" "3.2.4"
    "@vue/shared" "3.2.4"

"@vue/runtime-dom@3.2.4":
  version "3.2.4"
  resolved "https://registry.nlark.com/@vue/runtime-dom/download/@vue/runtime-dom-3.2.4.tgz"
  integrity sha1-ECVZXyrpmhL+Dh5rzo32dh7+wks=
  dependencies:
    "@vue/runtime-core" "3.2.4"
    "@vue/shared" "3.2.4"
    csstype "^2.6.8"

"@vue/shared@3.2.4", "@vue/shared@^3.2.4":
  version "3.2.4"
  resolved "https://registry.nlark.com/@vue/shared/download/@vue/shared-3.2.4.tgz"
  integrity sha1-uioJUnr/8nso0I+SG0pZfpUEyno=

acorn@^7.1.1:
  version "7.4.1"
  resolved "https://registry.nlark.com/acorn/download/acorn-7.4.1.tgz"
  integrity sha1-/q7SVZc9LndVW4PbwIhRpsY1IPo=

asap@~2.0.3:
  version "2.0.6"
  resolved "https://registry.npm.taobao.org/asap/download/asap-2.0.6.tgz"
  integrity sha1-5QNHYR1+aQlDIIu9r+vLwvuGbUY=

assert-never@^1.2.1:
  version "1.2.1"
  resolved "https://registry.npm.taobao.org/assert-never/download/assert-never-1.2.1.tgz"
  integrity sha1-EfDjY78UYgX7CBk7XHuQ9NHPRP4=

async-validator@^3.4.0:
  version "3.5.2"
  resolved "https://registry.nlark.com/async-validator/download/async-validator-3.5.2.tgz#68e866a96824e8b2694ff7a831c1a25c44d5e500"
  integrity sha1-aOhmqWgk6LJpT/eoMcGiXETV5QA=

babel-walk@3.0.0-canary-5:
  version "3.0.0-canary-5"
  resolved "https://registry.npm.taobao.org/babel-walk/download/babel-walk-3.0.0-canary-5.tgz"
  integrity sha1-9m7Ncpg1eu5ElV8jWm71QhkQSxE=
  dependencies:
    "@babel/types" "^7.9.6"

big.js@^5.2.2:
  version "5.2.2"
  resolved "https://registry.nlark.com/big.js/download/big.js-5.2.2.tgz"
  integrity sha1-ZfCvOC9Xi83HQr2cKB6cstd2gyg=

bluebird@^3.7.2:
  version "3.7.2"
  resolved "https://registry.npm.taobao.org/bluebird/download/bluebird-3.7.2.tgz?cache=0&other_urls=https%3A%2F%2Fregistry.npm.taobao.org%2Fbluebird%2Fdownload%2Fbluebird-3.7.2.tgz"
  integrity sha1-nyKcFb4nJFT/qXOs4NvueaGww28=

call-bind@^1.0.2:
  version "1.0.2"
  resolved "https://registry.nlark.com/call-bind/download/call-bind-1.0.2.tgz"
  integrity sha1-sdTonmiBGcPJqQOtMKuy9qkZvjw=
  dependencies:
    function-bind "^1.1.1"
    get-intrinsic "^1.0.2"

character-parser@^2.2.0:
  version "2.2.0"
  resolved "https://registry.npm.taobao.org/character-parser/download/character-parser-2.2.0.tgz"
  integrity sha1-x84o821LzZdE5f/CxfzeHHMmH8A=
  dependencies:
    is-regex "^1.0.3"

colorette@^1.2.2:
  version "1.3.0"
  resolved "https://registry.nlark.com/colorette/download/colorette-1.3.0.tgz"
  integrity sha1-/0XS8O2yRAadO3cq3rBP7TjQoK8=

consolidate@^0.16.0:
  version "0.16.0"
  resolved "https://registry.nlark.com/consolidate/download/consolidate-0.16.0.tgz"
  integrity sha1-oRhkdokw8vGUMWYKZZBmaPX73BY=
  dependencies:
    bluebird "^3.7.2"

constantinople@^4.0.1:
  version "4.0.1"
  resolved "https://registry.npm.taobao.org/constantinople/download/constantinople-4.0.1.tgz"
  integrity sha1-De8RP6Dk3I3oMzGlz3nIsyUhMVE=
  dependencies:
    "@babel/parser" "^7.6.0"
    "@babel/types" "^7.6.1"

cssesc@^3.0.0:
  version "3.0.0"
  resolved "https://registry.npm.taobao.org/cssesc/download/cssesc-3.0.0.tgz"
  integrity sha1-N3QZGZA7hoVl4cCep0dEXNGJg+4=

csstype@^2.6.8:
  version "2.6.17"
  resolved "https://registry.nlark.com/csstype/download/csstype-2.6.17.tgz"
  integrity sha1-TPMOuH4dGgBdi2UQ+VKSQT9qHA4=

dayjs@1.x:
  version "1.10.6"
  resolved "https://registry.nlark.com/dayjs/download/dayjs-1.10.6.tgz?cache=0&sync_timestamp=1625557417200&other_urls=https%3A%2F%2Fregistry.nlark.com%2Fdayjs%2Fdownload%2Fdayjs-1.10.6.tgz#288b2aa82f2d8418a6c9d4df5898c0737ad02a63"
  integrity sha1-KIsqqC8thBimydTfWJjAc3rQKmM=

doctypes@^1.1.0:
  version "1.1.0"
  resolved "https://registry.nlark.com/doctypes/download/doctypes-1.1.0.tgz"
  integrity sha1-6oCxBqh1OHdOijpKWv4pPeSJ4Kk=

dom-serializer@^1.0.1:
  version "1.3.2"
  resolved "https://registry.nlark.com/dom-serializer/download/dom-serializer-1.3.2.tgz?cache=0&sync_timestamp=1621256830355&other_urls=https%3A%2F%2Fregistry.nlark.com%2Fdom-serializer%2Fdownload%2Fdom-serializer-1.3.2.tgz"
  integrity sha1-YgZDfTLO767HFhgDIwx6ILwbTZE=
  dependencies:
    domelementtype "^2.0.1"
    domhandler "^4.2.0"
    entities "^2.0.0"

domelementtype@^2.0.1, domelementtype@^2.2.0:
  version "2.2.0"
  resolved "https://registry.npm.taobao.org/domelementtype/download/domelementtype-2.2.0.tgz?cache=0&sync_timestamp=1617298545989&other_urls=https%3A%2F%2Fregistry.npm.taobao.org%2Fdomelementtype%2Fdownload%2Fdomelementtype-2.2.0.tgz"
  integrity sha1-mgtsJ4LtahxzI9QiZxg9+b2LHVc=

domhandler@^4.0.0, domhandler@^4.2.0:
  version "4.2.0"
  resolved "https://registry.npm.taobao.org/domhandler/download/domhandler-4.2.0.tgz?cache=0&sync_timestamp=1618563954924&other_urls=https%3A%2F%2Fregistry.npm.taobao.org%2Fdomhandler%2Fdownload%2Fdomhandler-4.2.0.tgz"
  integrity sha1-+XaKXwNL5gqJonwuTQ9066DYsFk=
  dependencies:
    domelementtype "^2.2.0"

domutils@^2.5.2:
  version "2.7.0"
  resolved "https://registry.nlark.com/domutils/download/domutils-2.7.0.tgz"
  integrity sha1-jrrwxB66/PVbC3LsMcVjI3EsVEI=
  dependencies:
    dom-serializer "^1.0.1"
    domelementtype "^2.2.0"
    domhandler "^4.2.0"

element-plus@^1.0.2-beta.71:
  version "1.0.2-beta.71"
  resolved "https://registry.nlark.com/element-plus/download/element-plus-1.0.2-beta.71.tgz?cache=0&sync_timestamp=1629258472244&other_urls=https%3A%2F%2Fregistry.nlark.com%2Felement-plus%2Fdownload%2Felement-plus-1.0.2-beta.71.tgz#148f16d5a0a800549989f7869bbf4d656c652d36"
  integrity sha1-FI8W1aCoAFSZifeGm79NZWxlLTY=
  dependencies:
    "@element-plus/icons" "^0.0.11"
    "@popperjs/core" "^2.4.4"
    async-validator "^3.4.0"
    dayjs "1.x"
    lodash "^4.17.20"
    mitt "^2.1.0"
    normalize-wheel "^1.0.1"
    resize-observer-polyfill "^1.5.1"

emmet@^2.3.0:
  version "2.3.4"
  resolved "https://registry.npm.taobao.org/emmet/download/emmet-2.3.4.tgz"
  integrity sha1-W6DXpVaaaMdpffqJDHcuTzF50SM=
  dependencies:
    "@emmetio/abbreviation" "^2.2.2"
    "@emmetio/css-abbreviation" "^2.1.4"

emojis-list@^3.0.0:
  version "3.0.0"
  resolved "https://registry.npm.taobao.org/emojis-list/download/emojis-list-3.0.0.tgz"
  integrity sha1-VXBmIEatKeLpFucariYKvf9Pang=

entities@^2.0.0:
  version "2.2.0"
  resolved "https://registry.nlark.com/entities/download/entities-2.2.0.tgz?cache=0&sync_timestamp=1628508189267&other_urls=https%3A%2F%2Fregistry.nlark.com%2Fentities%2Fdownload%2Fentities-2.2.0.tgz"
  integrity sha1-CY3JDruD2N/6CJ1VJWs1HTTE2lU=

esbuild@^0.12.17:
  version "0.12.22"
  resolved "https://registry.nlark.com/esbuild/download/esbuild-0.12.22.tgz?cache=0&sync_timestamp=1629513167704&other_urls=https%3A%2F%2Fregistry.nlark.com%2Fesbuild%2Fdownload%2Fesbuild-0.12.22.tgz"
  integrity sha1-YDGhJXuNAwfTBr7Wc7ecNmhgf1E=

estree-walker@^2.0.1:
  version "2.0.2"
  resolved "https://registry.npm.taobao.org/estree-walker/download/estree-walker-2.0.2.tgz?cache=0&sync_timestamp=1611956983677&other_urls=https%3A%2F%2Fregistry.npm.taobao.org%2Festree-walker%2Fdownload%2Festree-walker-2.0.2.tgz"
  integrity sha1-UvAQF4wqTBF6d1fP6UKtt9LaTKw=

fsevents@~2.3.2:
  version "2.3.2"
  resolved "https://registry.nlark.com/fsevents/download/fsevents-2.3.2.tgz#8a526f78b8fdf4623b709e0b975c52c24c02fd1a"
  integrity sha1-ilJveLj99GI7cJ4Ll1xSwkwC/Ro=

function-bind@^1.1.1:
  version "1.1.1"
  resolved "https://registry.npm.taobao.org/function-bind/download/function-bind-1.1.1.tgz"
  integrity sha1-pWiZ0+o8m6uHS7l3O3xe3pL0iV0=

generic-names@^2.0.1:
  version "2.0.1"
  resolved "https://registry.npm.taobao.org/generic-names/download/generic-names-2.0.1.tgz?cache=0&sync_timestamp=1603542269880&other_urls=https%3A%2F%2Fregistry.npm.taobao.org%2Fgeneric-names%2Fdownload%2Fgeneric-names-2.0.1.tgz"
  integrity sha1-+KN46tLMqno08DF7BVVIMq5BuHI=
  dependencies:
    loader-utils "^1.1.0"

get-intrinsic@^1.0.2:
  version "1.1.1"
  resolved "https://registry.nlark.com/get-intrinsic/download/get-intrinsic-1.1.1.tgz"
  integrity sha1-FfWfN2+FXERpY5SPDSTNNje0q8Y=
  dependencies:
    function-bind "^1.1.1"
    has "^1.0.3"
    has-symbols "^1.0.1"

has-symbols@^1.0.1, has-symbols@^1.0.2:
  version "1.0.2"
  resolved "https://registry.nlark.com/has-symbols/download/has-symbols-1.0.2.tgz"
  integrity sha1-Fl0wcMADCXUqEjakeTMeOsVvFCM=

has-tostringtag@^1.0.0:
  version "1.0.0"
  resolved "https://registry.nlark.com/has-tostringtag/download/has-tostringtag-1.0.0.tgz?cache=0&sync_timestamp=1628196402801&other_urls=https%3A%2F%2Fregistry.nlark.com%2Fhas-tostringtag%2Fdownload%2Fhas-tostringtag-1.0.0.tgz"
  integrity sha1-fhM4GKfTlHNPlB5zw9P5KR5liyU=
  dependencies:
    has-symbols "^1.0.2"

has@^1.0.3:
  version "1.0.3"
  resolved "https://registry.nlark.com/has/download/has-1.0.3.tgz"
  integrity sha1-ci18v8H2qoJB8W3YFOAR4fQeh5Y=
  dependencies:
    function-bind "^1.1.1"

hash-sum@^2.0.0:
  version "2.0.0"
  resolved "https://registry.npm.taobao.org/hash-sum/download/hash-sum-2.0.0.tgz"
  integrity sha1-gdAbtd6OpKIUrV1urRtSNGCwtFo=

htmlparser2@^6.1.0:
  version "6.1.0"
  resolved "https://registry.nlark.com/htmlparser2/download/htmlparser2-6.1.0.tgz"
  integrity sha1-xNditsM3GgXb5l6UrkOp+EX7j7c=
  dependencies:
    domelementtype "^2.0.1"
    domhandler "^4.0.0"
    domutils "^2.5.2"
    entities "^2.0.0"

icss-replace-symbols@^1.1.0:
  version "1.1.0"
  resolved "https://registry.npm.taobao.org/icss-replace-symbols/download/icss-replace-symbols-1.1.0.tgz"
  integrity sha1-Bupvg2ead0njhs/h/oEq5dsiPe0=

icss-utils@^5.0.0:
  version "5.1.0"
  resolved "https://registry.nlark.com/icss-utils/download/icss-utils-5.1.0.tgz"
  integrity sha1-xr5oWKvQE9do6YNmrkfiXViHsa4=

is-core-module@^2.2.0:
  version "2.6.0"
  resolved "https://registry.nlark.com/is-core-module/download/is-core-module-2.6.0.tgz?cache=0&sync_timestamp=1629224656971&other_urls=https%3A%2F%2Fregistry.nlark.com%2Fis-core-module%2Fdownload%2Fis-core-module-2.6.0.tgz"
  integrity sha1-11U7JSb+Wbkro+QMjfdX7Ipwnhk=
  dependencies:
    has "^1.0.3"

is-expression@^4.0.0:
  version "4.0.0"
  resolved "https://registry.npm.taobao.org/is-expression/download/is-expression-4.0.0.tgz"
  integrity sha1-wzFVliq/IdCv0lUlFNZ9LsFv0qs=
  dependencies:
    acorn "^7.1.1"
    object-assign "^4.1.1"

is-promise@^2.0.0:
  version "2.2.2"
  resolved "https://registry.nlark.com/is-promise/download/is-promise-2.2.2.tgz"
  integrity sha1-OauVnMv5p3TPB597QMeib3YxNfE=

is-regex@^1.0.3:
  version "1.1.4"
  resolved "https://registry.nlark.com/is-regex/download/is-regex-1.1.4.tgz?cache=0&sync_timestamp=1628221905423&other_urls=https%3A%2F%2Fregistry.nlark.com%2Fis-regex%2Fdownload%2Fis-regex-1.1.4.tgz"
  integrity sha1-7vVmPNWfpMCuM5UFMj32hUuxWVg=
  dependencies:
    call-bind "^1.0.2"
    has-tostringtag "^1.0.0"

js-stringify@^1.0.2:
  version "1.0.2"
  resolved "https://registry.npm.taobao.org/js-stringify/download/js-stringify-1.0.2.tgz"
  integrity sha1-Fzb939lyTyijaCrcYjCufk6Weds=

json5@^1.0.1:
  version "1.0.1"
  resolved "https://registry.nlark.com/json5/download/json5-1.0.1.tgz"
  integrity sha1-d5+wAYYE+oVOrL9iUhgNg1Q+Pb4=
  dependencies:
    minimist "^1.2.0"

jsonc-parser@^2.3.0:
  version "2.3.1"
  resolved "https://registry.npm.taobao.org/jsonc-parser/download/jsonc-parser-2.3.1.tgz?cache=0&sync_timestamp=1605281904422&other_urls=https%3A%2F%2Fregistry.npm.taobao.org%2Fjsonc-parser%2Fdownload%2Fjsonc-parser-2.3.1.tgz"
  integrity sha1-WVSRULEz8u+sykj+nOHsBlmvI0I=

jsonc-parser@^3.0.0:
  version "3.0.0"
  resolved "https://registry.npm.taobao.org/jsonc-parser/download/jsonc-parser-3.0.0.tgz?cache=0&sync_timestamp=1605281904422&other_urls=https%3A%2F%2Fregistry.npm.taobao.org%2Fjsonc-parser%2Fdownload%2Fjsonc-parser-3.0.0.tgz"
  integrity sha1-q914VwHH5+rKip7IzwcMpRp0WiI=

jstransformer@1.0.0:
  version "1.0.0"
  resolved "https://registry.npm.taobao.org/jstransformer/download/jstransformer-1.0.0.tgz"
  integrity sha1-7Yvwkh4vPx7U1cGkT2hwntJHIsM=
  dependencies:
    is-promise "^2.0.0"
    promise "^7.0.1"

loader-utils@^1.1.0:
  version "1.4.0"
  resolved "https://registry.npm.taobao.org/loader-utils/download/loader-utils-1.4.0.tgz"
  integrity sha1-xXm140yzSxp07cbB+za/o3HVphM=
  dependencies:
    big.js "^5.2.2"
    emojis-list "^3.0.0"
    json5 "^1.0.1"

lodash.camelcase@^4.3.0:
  version "4.3.0"
  resolved "https://registry.npm.taobao.org/lodash.camelcase/download/lodash.camelcase-4.3.0.tgz"
  integrity sha1-soqmKIorn8ZRA1x3EfZathkDMaY=

lodash@^4.17.20:
  version "4.17.21"
  resolved "https://registry.nlark.com/lodash/download/lodash-4.17.21.tgz?cache=0&sync_timestamp=1624543041613&other_urls=https%3A%2F%2Fregistry.nlark.com%2Flodash%2Fdownload%2Flodash-4.17.21.tgz#679591c564c3bffaae8454cf0b3df370c3d6911c"
  integrity sha1-Z5WRxWTDv/quhFTPCz3zcMPWkRw=

lru-cache@^5.1.1:
  version "5.1.1"
  resolved "https://registry.nlark.com/lru-cache/download/lru-cache-5.1.1.tgz"
  integrity sha1-HaJ+ZxAnGUdpXa9oSOhH8B2EuSA=
  dependencies:
    yallist "^3.0.2"

magic-string@^0.25.7:
  version "0.25.7"
  resolved "https://registry.nlark.com/magic-string/download/magic-string-0.25.7.tgz?cache=0&sync_timestamp=1618847046304&other_urls=https%3A%2F%2Fregistry.nlark.com%2Fmagic-string%2Fdownload%2Fmagic-string-0.25.7.tgz"
  integrity sha1-P0l9b9NMZpxnmNy4IfLvMfVEUFE=
  dependencies:
    sourcemap-codec "^1.4.4"

merge-source-map@^1.1.0:
  version "1.1.0"
  resolved "https://registry.nlark.com/merge-source-map/download/merge-source-map-1.1.0.tgz"
  integrity sha1-L93n5gIJOfcJBqaPLXrmheTIxkY=
  dependencies:
    source-map "^0.6.1"

minimist@^1.2.0:
  version "1.2.5"
  resolved "https://registry.nlark.com/minimist/download/minimist-1.2.5.tgz"
  integrity sha1-Z9ZgFLZqaoqqDAg8X9WN9OTpdgI=

mitt@^2.1.0:
  version "2.1.0"
  resolved "https://registry.nlark.com/mitt/download/mitt-2.1.0.tgz?cache=0&sync_timestamp=1624483449786&other_urls=https%3A%2F%2Fregistry.nlark.com%2Fmitt%2Fdownload%2Fmitt-2.1.0.tgz#f740577c23176c6205b121b2973514eade1b2230"
  integrity sha1-90BXfCMXbGIFsSGylzUU6t4bIjA=

nanoid@^3.1.23:
  version "3.1.25"
  resolved "https://registry.nlark.com/nanoid/download/nanoid-3.1.25.tgz?cache=0&sync_timestamp=1628771965808&other_urls=https%3A%2F%2Fregistry.nlark.com%2Fnanoid%2Fdownload%2Fnanoid-3.1.25.tgz"
  integrity sha1-CcoydHwOVD8OGBS303k0d/nI4VI=

normalize-wheel@^1.0.1:
  version "1.0.1"
  resolved "https://registry.npm.taobao.org/normalize-wheel/download/normalize-wheel-1.0.1.tgz#aec886affdb045070d856447df62ecf86146ec45"
  integrity sha1-rsiGr/2wRQcNhWRH32Ls+GFG7EU=

object-assign@^4.1.1:
  version "4.1.1"
  resolved "https://registry.nlark.com/object-assign/download/object-assign-4.1.1.tgz?cache=0&sync_timestamp=1618847043548&other_urls=https%3A%2F%2Fregistry.nlark.com%2Fobject-assign%2Fdownload%2Fobject-assign-4.1.1.tgz"
  integrity sha1-IQmtx5ZYh8/AXLvUQsrIv7s2CGM=

path-parse@^1.0.6:
  version "1.0.7"
  resolved "https://registry.nlark.com/path-parse/download/path-parse-1.0.7.tgz"
  integrity sha1-+8EUtgykKzDZ2vWFjkvWi77bZzU=

postcss-modules-extract-imports@^3.0.0:
  version "3.0.0"
  resolved "https://registry.nlark.com/postcss-modules-extract-imports/download/postcss-modules-extract-imports-3.0.0.tgz"
  integrity sha1-zaHwR8CugMl9vijD52pDuIAldB0=

postcss-modules-local-by-default@^4.0.0:
  version "4.0.0"
  resolved "https://registry.nlark.com/postcss-modules-local-by-default/download/postcss-modules-local-by-default-4.0.0.tgz"
  integrity sha1-67tU+uFZjuz99pGgKz/zs5ClpRw=
  dependencies:
    icss-utils "^5.0.0"
    postcss-selector-parser "^6.0.2"
    postcss-value-parser "^4.1.0"

postcss-modules-scope@^3.0.0:
  version "3.0.0"
  resolved "https://registry.nlark.com/postcss-modules-scope/download/postcss-modules-scope-3.0.0.tgz"
  integrity sha1-nvMVFFbTu/oSDKRImN/Kby+gHwY=
  dependencies:
    postcss-selector-parser "^6.0.4"

postcss-modules-values@^4.0.0:
  version "4.0.0"
  resolved "https://registry.nlark.com/postcss-modules-values/download/postcss-modules-values-4.0.0.tgz"
  integrity sha1-18Xn5ow7s8myfL9Iyguz/7RgLJw=
  dependencies:
    icss-utils "^5.0.0"

postcss-modules@^4.0.0:
  version "4.2.2"
  resolved "https://registry.nlark.com/postcss-modules/download/postcss-modules-4.2.2.tgz?cache=0&sync_timestamp=1627039460598&other_urls=https%3A%2F%2Fregistry.nlark.com%2Fpostcss-modules%2Fdownload%2Fpostcss-modules-4.2.2.tgz"
  integrity sha1-Xnd3xaiWTqF2kZ2QsuVO+JEyHOU=
  dependencies:
    generic-names "^2.0.1"
    icss-replace-symbols "^1.1.0"
    lodash.camelcase "^4.3.0"
    postcss-modules-extract-imports "^3.0.0"
    postcss-modules-local-by-default "^4.0.0"
    postcss-modules-scope "^3.0.0"
    postcss-modules-values "^4.0.0"
    string-hash "^1.1.1"

postcss-selector-parser@^6.0.2, postcss-selector-parser@^6.0.4:
  version "6.0.6"
  resolved "https://registry.nlark.com/postcss-selector-parser/download/postcss-selector-parser-6.0.6.tgz?cache=0&sync_timestamp=1620752939806&other_urls=https%3A%2F%2Fregistry.nlark.com%2Fpostcss-selector-parser%2Fdownload%2Fpostcss-selector-parser-6.0.6.tgz"
  integrity sha1-LFu6gXSsL2mBq2MaQqsO5UrzMuo=
  dependencies:
    cssesc "^3.0.0"
    util-deprecate "^1.0.2"

postcss-value-parser@^4.1.0:
  version "4.1.0"
  resolved "https://registry.nlark.com/postcss-value-parser/download/postcss-value-parser-4.1.0.tgz?cache=0&other_urls=https%3A%2F%2Fregistry.nlark.com%2Fpostcss-value-parser%2Fdownload%2Fpostcss-value-parser-4.1.0.tgz"
  integrity sha1-RD9qIM7WSBor2k+oUypuVdeJoss=

postcss@^8.1.10, postcss@^8.3.6:
  version "8.3.6"
  resolved "https://registry.nlark.com/postcss/download/postcss-8.3.6.tgz?cache=0&sync_timestamp=1626882933935&other_urls=https%3A%2F%2Fregistry.nlark.com%2Fpostcss%2Fdownload%2Fpostcss-8.3.6.tgz"
  integrity sha1-JzDddql5afN/U7mmCWGXvjEcxOo=
  dependencies:
    colorette "^1.2.2"
    nanoid "^3.1.23"
    source-map-js "^0.6.2"

promise@^7.0.1:
  version "7.3.1"
  resolved "https://registry.nlark.com/promise/download/promise-7.3.1.tgz"
  integrity sha1-BktyYCsY+Q8pGSuLG8QY/9Hr078=
  dependencies:
    asap "~2.0.3"

pug-attrs@^3.0.0:
  version "3.0.0"
  resolved "https://registry.npm.taobao.org/pug-attrs/download/pug-attrs-3.0.0.tgz"
  integrity sha1-sQRR4DSBZeMfrRzCPr3dncc0fEE=
  dependencies:
    constantinople "^4.0.1"
    js-stringify "^1.0.2"
    pug-runtime "^3.0.0"

pug-code-gen@^3.0.2:
  version "3.0.2"
  resolved "https://registry.npm.taobao.org/pug-code-gen/download/pug-code-gen-3.0.2.tgz"
  integrity sha1-rRkPSUMTO/GGtguA3kgxAOEy4s4=
  dependencies:
    constantinople "^4.0.1"
    doctypes "^1.1.0"
    js-stringify "^1.0.2"
    pug-attrs "^3.0.0"
    pug-error "^2.0.0"
    pug-runtime "^3.0.0"
    void-elements "^3.1.0"
    with "^7.0.0"

pug-error@^2.0.0:
  version "2.0.0"
  resolved "https://registry.npm.taobao.org/pug-error/download/pug-error-2.0.0.tgz"
  integrity sha1-XGIXPLCcNN4qLOBPF7it/sdNjKU=

pug-filters@^4.0.0:
  version "4.0.0"
  resolved "https://registry.npm.taobao.org/pug-filters/download/pug-filters-4.0.0.tgz"
  integrity sha1-0+Sa9bqEcum3pm2YDnB86dLMm14=
  dependencies:
    constantinople "^4.0.1"
    jstransformer "1.0.0"
    pug-error "^2.0.0"
    pug-walk "^2.0.0"
    resolve "^1.15.1"

pug-lexer@^5.0.1:
  version "5.0.1"
  resolved "https://registry.npm.taobao.org/pug-lexer/download/pug-lexer-5.0.1.tgz"
  integrity sha1-rkRijFvvmxkLZlaDsojKkCS4sNU=
  dependencies:
    character-parser "^2.2.0"
    is-expression "^4.0.0"
    pug-error "^2.0.0"

pug-linker@^4.0.0:
  version "4.0.0"
  resolved "https://registry.npm.taobao.org/pug-linker/download/pug-linker-4.0.0.tgz"
  integrity sha1-EsvAWU/Fo+Brn8Web5PBRpYqdwg=
  dependencies:
    pug-error "^2.0.0"
    pug-walk "^2.0.0"

pug-load@^3.0.0:
  version "3.0.0"
  resolved "https://registry.npm.taobao.org/pug-load/download/pug-load-3.0.0.tgz"
  integrity sha1-n9nNpSICsIrbEdJWgfufNL1BtmI=
  dependencies:
    object-assign "^4.1.1"
    pug-walk "^2.0.0"

pug-parser@^6.0.0:
  version "6.0.0"
  resolved "https://registry.npm.taobao.org/pug-parser/download/pug-parser-6.0.0.tgz"
  integrity sha1-qP3ANYY6lbLB3F6/Ts+AtOdqEmA=
  dependencies:
    pug-error "^2.0.0"
    token-stream "1.0.0"

pug-runtime@^3.0.0, pug-runtime@^3.0.1:
  version "3.0.1"
  resolved "https://registry.npm.taobao.org/pug-runtime/download/pug-runtime-3.0.1.tgz"
  integrity sha1-9jaXYgRyPzWoxfb61qzaKhkbg9c=

pug-strip-comments@^2.0.0:
  version "2.0.0"
  resolved "https://registry.npm.taobao.org/pug-strip-comments/download/pug-strip-comments-2.0.0.tgz"
  integrity sha1-+UsH/WtJVSMzD0kKf1VLT/h2MD4=
  dependencies:
    pug-error "^2.0.0"

pug-walk@^2.0.0:
  version "2.0.0"
  resolved "https://registry.npm.taobao.org/pug-walk/download/pug-walk-2.0.0.tgz"
  integrity sha1-QXqrwpIyu0SZtbUGmistKiTV9f4=

pug@^3.0.2:
  version "3.0.2"
  resolved "https://registry.npm.taobao.org/pug/download/pug-3.0.2.tgz"
  integrity sha1-81xxBzQ0VOQ7wnrg/3bHMbeOpTU=
  dependencies:
    pug-code-gen "^3.0.2"
    pug-filters "^4.0.0"
    pug-lexer "^5.0.1"
    pug-linker "^4.0.0"
    pug-load "^3.0.0"
    pug-parser "^6.0.0"
    pug-runtime "^3.0.1"
    pug-strip-comments "^2.0.0"

request-light@^0.5.4:
  version "0.5.4"
  resolved "https://registry.nlark.com/request-light/download/request-light-0.5.4.tgz"
  integrity sha1-SXqYxtiuSVNkF6Xi1/ODuTTz44w=

resize-observer-polyfill@^1.5.1:
  version "1.5.1"
  resolved "https://registry.nlark.com/resize-observer-polyfill/download/resize-observer-polyfill-1.5.1.tgz#0e9020dd3d21024458d4ebd27e23e40269810464"
  integrity sha1-DpAg3T0hAkRY1OvSfiPkAmmBBGQ=

resolve@^1.15.1, resolve@^1.20.0:
  version "1.20.0"
  resolved "https://registry.npm.taobao.org/resolve/download/resolve-1.20.0.tgz"
  integrity sha1-YpoBP7P3B1XW8LeTXMHCxTeLGXU=
  dependencies:
    is-core-module "^2.2.0"
    path-parse "^1.0.6"

rollup@^2.38.5:
  version "2.56.2"
  resolved "https://registry.nlark.com/rollup/download/rollup-2.56.2.tgz"
  integrity sha1-oEX/P2r1PuAJtfUBbKPaAynlRw8=
  optionalDependencies:
    fsevents "~2.3.2"

source-map-js@^0.6.2:
  version "0.6.2"
  resolved "https://registry.nlark.com/source-map-js/download/source-map-js-0.6.2.tgz"
  integrity sha1-C7XeYxtBz72mz7qL0FqA79/SOF4=

source-map@^0.6.1:
  version "0.6.1"
  resolved "https://registry.nlark.com/source-map/download/source-map-0.6.1.tgz"
  integrity sha1-dHIq8y6WFOnCh6jQu95IteLxomM=

sourcemap-codec@^1.4.4:
  version "1.4.8"
  resolved "https://registry.nlark.com/sourcemap-codec/download/sourcemap-codec-1.4.8.tgz"
  integrity sha1-6oBL2UhXQC5pktBaOO8a41qatMQ=

string-hash@^1.1.1:
  version "1.1.3"
  resolved "https://registry.nlark.com/string-hash/download/string-hash-1.1.3.tgz?cache=0&sync_timestamp=1618847134046&other_urls=https%3A%2F%2Fregistry.nlark.com%2Fstring-hash%2Fdownload%2Fstring-hash-1.1.3.tgz"
  integrity sha1-6Kr8CsGFW0Zmkp7X3RJ1311sgRs=

to-fast-properties@^2.0.0:
  version "2.0.0"
  resolved "https://registry.nlark.com/to-fast-properties/download/to-fast-properties-2.0.0.tgz?cache=0&sync_timestamp=1628418855671&other_urls=https%3A%2F%2Fregistry.nlark.com%2Fto-fast-properties%2Fdownload%2Fto-fast-properties-2.0.0.tgz"
  integrity sha1-3F5pjL0HkmW8c+A3doGk5Og/YW4=

token-stream@1.0.0:
  version "1.0.0"
  resolved "https://registry.npm.taobao.org/token-stream/download/token-stream-1.0.0.tgz"
  integrity sha1-zCAOqyYT9BZtJ/+a/HylbUnfbrQ=

typescript@^4.3.2:
  version "4.3.5"
  resolved "https://registry.nlark.com/typescript/download/typescript-4.3.5.tgz?cache=0&sync_timestamp=1629530493285&other_urls=https%3A%2F%2Fregistry.nlark.com%2Ftypescript%2Fdownload%2Ftypescript-4.3.5.tgz"
  integrity sha1-TRw3zBbok5c8RaBohrcRMjTxGfQ=

upath@^2.0.1:
  version "2.0.1"
  resolved "https://registry.npm.taobao.org/upath/download/upath-2.0.1.tgz"
  integrity sha1-UMc96mjW9rmQ9R0nnOYIFmXWGos=

util-deprecate@^1.0.2:
  version "1.0.2"
  resolved "https://registry.nlark.com/util-deprecate/download/util-deprecate-1.0.2.tgz"
  integrity sha1-RQ1Nyfpw3nMnYvvS1KKJgUGaDM8=

vite@^2.4.4:
  version "2.5.0"
  resolved "https://registry.nlark.com/vite/download/vite-2.5.0.tgz?cache=0&sync_timestamp=1629090810650&other_urls=https%3A%2F%2Fregistry.nlark.com%2Fvite%2Fdownload%2Fvite-2.5.0.tgz"
  integrity sha1-ERujZ5Qy1CbkRWas9IAAWnkUy9Y=
  dependencies:
    esbuild "^0.12.17"
    postcss "^8.3.6"
    resolve "^1.20.0"
    rollup "^2.38.5"
  optionalDependencies:
    fsevents "~2.3.2"

void-elements@^3.1.0:
  version "3.1.0"
  resolved "https://registry.npm.taobao.org/void-elements/download/void-elements-3.1.0.tgz"
  integrity sha1-YU9/v42AHwu18GYfWy9XhXUOTwk=

vscode-css-languageservice@^5.1.4:
  version "5.1.4"
  resolved "https://registry.nlark.com/vscode-css-languageservice/download/vscode-css-languageservice-5.1.4.tgz"
  integrity sha1-B+TGPxw7sG5vPzKcMrSQ0gpgG6s=
  dependencies:
    vscode-languageserver-textdocument "^1.0.1"
    vscode-languageserver-types "^3.16.0"
    vscode-nls "^5.0.0"
    vscode-uri "^3.0.2"

vscode-html-languageservice@^4.0.7:
  version "4.0.7"
  resolved "https://registry.nlark.com/vscode-html-languageservice/download/vscode-html-languageservice-4.0.7.tgz"
  integrity sha1-lPLtIsghll+CgiLRO1qlQbNY2ZI=
  dependencies:
    vscode-languageserver-textdocument "^1.0.1"
    vscode-languageserver-types "^3.16.0"
    vscode-nls "^5.0.0"
    vscode-uri "^3.0.2"

vscode-json-languageservice@^4.1.5:
  version "4.1.7"
  resolved "https://registry.nlark.com/vscode-json-languageservice/download/vscode-json-languageservice-4.1.7.tgz?cache=0&sync_timestamp=1629123156907&other_urls=https%3A%2F%2Fregistry.nlark.com%2Fvscode-json-languageservice%2Fdownload%2Fvscode-json-languageservice-4.1.7.tgz"
  integrity sha1-GCRNYrEVpYGMdSbvQzlDi3F136o=
  dependencies:
    jsonc-parser "^3.0.0"
    vscode-languageserver-textdocument "^1.0.1"
    vscode-languageserver-types "^3.16.0"
    vscode-nls "^5.0.0"
    vscode-uri "^3.0.2"

vscode-jsonrpc@8.0.0-next.2, vscode-jsonrpc@^8.0.0-next.1:
  version "8.0.0-next.2"
  resolved "https://registry.nlark.com/vscode-jsonrpc/download/vscode-jsonrpc-8.0.0-next.2.tgz"
  integrity sha1-KF/ClL5YbkdorNZ+WkLvxzilysA=

vscode-languageserver-protocol@3.17.0-next.8:
  version "3.17.0-next.8"
  resolved "https://registry.nlark.com/vscode-languageserver-protocol/download/vscode-languageserver-protocol-3.17.0-next.8.tgz"
  integrity sha1-7y63QjtHTMzRE4QjneJEiOf+gYw=
  dependencies:
    vscode-jsonrpc "8.0.0-next.2"
    vscode-languageserver-types "3.17.0-next.3"

vscode-languageserver-textdocument@^1.0.1:
  version "1.0.1"
  resolved "https://registry.npm.taobao.org/vscode-languageserver-textdocument/download/vscode-languageserver-textdocument-1.0.1.tgz"
  integrity sha1-F4Fo6H761hcbNyrdHeo09T5dMw8=

vscode-languageserver-types@3.17.0-next.3:
  version "3.17.0-next.3"
  resolved "https://registry.nlark.com/vscode-languageserver-types/download/vscode-languageserver-types-3.17.0-next.3.tgz"
  integrity sha1-4fQxHgjqMZPoESYVS2o0L8HD26M=

vscode-languageserver-types@^3.15.1, vscode-languageserver-types@^3.16.0:
  version "3.16.0"
  resolved "https://registry.nlark.com/vscode-languageserver-types/download/vscode-languageserver-types-3.16.0.tgz"
  integrity sha1-7POT/BIexpdLLaPvsxVWRMUU4kc=

vscode-languageserver@^8.0.0-next.1:
  version "8.0.0-next.2"
  resolved "https://registry.nlark.com/vscode-languageserver/download/vscode-languageserver-8.0.0-next.2.tgz"
  integrity sha1-Oj2vef8QNQ6pzsXHO1MCkBqVURc=
  dependencies:
    vscode-languageserver-protocol "3.17.0-next.8"

vscode-nls@^5.0.0:
  version "5.0.0"
  resolved "https://registry.npm.taobao.org/vscode-nls/download/vscode-nls-5.0.0.tgz"
  integrity sha1-mfDaC9nqfNpE5WWnTFSx8rwleEA=

vscode-pug-languageservice@^0.27.5:
  version "0.27.5"
  resolved "https://registry.nlark.com/vscode-pug-languageservice/download/vscode-pug-languageservice-0.27.5.tgz"
  integrity sha1-qvCtXxw0CumRvrAxg6tOI00xX8M=
  dependencies:
    "@volar/code-gen" "^0.27.5"
    "@volar/shared" "^0.27.5"
    "@volar/source-map" "^0.27.5"
    "@volar/transforms" "^0.27.5"
    pug-lexer "^5.0.1"
    pug-parser "^6.0.0"
    vscode-languageserver "^8.0.0-next.1"

vscode-typescript-languageservice@^0.27.5:
  version "0.27.5"
  resolved "https://registry.nlark.com/vscode-typescript-languageservice/download/vscode-typescript-languageservice-0.27.5.tgz"
  integrity sha1-nUfdd4NwN8XQuDgFN8JInNbYNfk=
  dependencies:
    "@volar/shared" "^0.27.5"
    upath "^2.0.1"
    vscode-languageserver "^8.0.0-next.1"
    vscode-languageserver-textdocument "^1.0.1"

vscode-uri@^2.1.2:
  version "2.1.2"
  resolved "https://registry.npm.taobao.org/vscode-uri/download/vscode-uri-2.1.2.tgz"
  integrity sha1-yNQN6T61evMfPHFd1lDiyiwJbxw=

vscode-uri@^3.0.2:
  version "3.0.2"
  resolved "https://registry.npm.taobao.org/vscode-uri/download/vscode-uri-3.0.2.tgz"
  integrity sha1-7P0dBmy470w6II3s26uajCPQVdA=

vscode-vue-languageservice@^0.27.0:
  version "0.27.5"
  resolved "https://registry.nlark.com/vscode-vue-languageservice/download/vscode-vue-languageservice-0.27.5.tgz"
  integrity sha1-d2LUyKq8av0yXJ6YEgtQPmhOU4E=
  dependencies:
    "@volar/code-gen" "^0.27.5"
    "@volar/html2pug" "^0.27.5"
    "@volar/shared" "^0.27.5"
    "@volar/source-map" "^0.27.5"
    "@volar/transforms" "^0.27.5"
    "@vscode/emmet-helper" "^2.7.0"
    "@vue/compiler-dom" "^3.2.4"
    "@vue/compiler-sfc" "^3.2.4"
    "@vue/reactivity" "^3.2.4"
    "@vue/shared" "^3.2.4"
    request-light "^0.5.4"
    upath "^2.0.1"
    vscode-css-languageservice "^5.1.4"
    vscode-html-languageservice "^4.0.7"
    vscode-json-languageservice "^4.1.5"
    vscode-languageserver "^8.0.0-next.1"
    vscode-languageserver-textdocument "^1.0.1"
    vscode-pug-languageservice "^0.27.5"
    vscode-typescript-languageservice "^0.27.5"

vue-router@4:
  version "4.0.11"
  resolved "https://registry.nlark.com/vue-router/download/vue-router-4.0.11.tgz"
  integrity sha1-zWSaCUHGNSgXY6IJZbWZZD3caO0=
  dependencies:
    "@vue/devtools-api" "^6.0.0-beta.14"

vue-tsc@^0.2.2:
  version "0.2.3"
  resolved "https://registry.nlark.com/vue-tsc/download/vue-tsc-0.2.3.tgz"
  integrity sha1-Er9I48mx5VPTGq0MZBci1dFYQdg=
  dependencies:
    vscode-vue-languageservice "^0.27.0"

vue@^3.0.5:
  version "3.2.4"
  resolved "https://registry.nlark.com/vue/download/vue-3.2.4.tgz"
  integrity sha1-2U2IZ15BwFDTpyLQhIpwY7XoemA=
  dependencies:
    "@vue/compiler-dom" "3.2.4"
    "@vue/runtime-dom" "3.2.4"
    "@vue/shared" "3.2.4"

vuex-module-decorators@^1.0.1:
  version "1.0.1"
  resolved "https://registry.npm.taobao.org/vuex-module-decorators/download/vuex-module-decorators-1.0.1.tgz#d34dafb5428a3636f1c26d3d014c15fc9659ccd0"
  integrity sha1-002vtUKKNjbxwm09AUwV/JZZzNA=

vuex@^4.0.2:
  version "4.0.2"
  resolved "https://registry.nlark.com/vuex/download/vuex-4.0.2.tgz?cache=0&sync_timestamp=1623945218026&other_urls=https%3A%2F%2Fregistry.nlark.com%2Fvuex%2Fdownload%2Fvuex-4.0.2.tgz#f896dbd5bf2a0e963f00c67e9b610de749ccacc9"
  integrity sha1-+Jbb1b8qDpY/AMZ+m2EN50nMrMk=
  dependencies:
    "@vue/devtools-api" "^6.0.0-beta.11"

with@^7.0.0:
  version "7.0.2"
  resolved "https://registry.npm.taobao.org/with/download/with-7.0.2.tgz"
  integrity sha1-zO461ULSVTinp6gKrSErmChJW6w=
  dependencies:
    "@babel/parser" "^7.9.6"
    "@babel/types" "^7.9.6"
    assert-never "^1.2.1"
    babel-walk "3.0.0-canary-5"

yallist@^3.0.2:
  version "3.1.1"
  resolved "https://registry.npm.taobao.org/yallist/download/yallist-3.1.1.tgz"
  integrity sha1-27fa+b/YusmrRev2ArjLrQ1dCP0=
